
Microsoft Visual Studio Solution File, Format Version 12.00
# Visual Studio Version 17
VisualStudioVersion = 17.4.33213.308
MinimumVisualStudioVersion = 10.0.40219.1
Project("{FAE04EC0-301F-11D3-BF4B-00C04F79EFBC}") = "MetodoParalelo", "MetodoParalelo\MetodoParalelo.csproj", "{E8BB7360-04F1-4763-AF52-E712B28195BF}"
EndProject
Project("{FAE04EC0-301F-11D3-BF4B-00C04F79EFBC}") = "MetodoSincrono", "MetodoSincrono\MetodoSincrono.csproj", "{6B0E0B2B-1297-427F-A450-53BC14E46976}"
EndProject
Global
	GlobalSection(SolutionConfigurationPlatforms) = preSolution
		Debug|Any CPU = Debug|Any CPU
		Release|Any CPU = Release|Any CPU
	EndGlobalSection
	GlobalSection(ProjectConfigurationPlatforms) = postSolution
		{E8BB7360-04F1-4763-AF52-E712B28195BF}.Debug|Any CPU.ActiveCfg = Debug|Any CPU
		{E8BB7360-04F1-4763-AF52-E712B28195BF}.Debug|Any CPU.Build.0 = Debug|Any CPU
		{E8BB7360-04F1-4763-AF52-E712B28195BF}.Release|Any CPU.ActiveCfg = Release|Any CPU
		{E8BB7360-04F1-4763-AF52-E712B28195BF}.Release|Any CPU.Build.0 = Release|Any CPU
		{6B0E0B2B-1297-427F-A450-53BC14E46976}.Debug|Any CPU.ActiveCfg = Debug|Any CPU
		{6B0E0B2B-1297-427F-A450-53BC14E46976}.Debug|Any CPU.Build.0 = Debug|Any CPU
		{6B0E0B2B-1297-427F-A450-53BC14E46976}.Release|Any CPU.ActiveCfg = Release|Any CPU
		{6B0E0B2B-1297-427F-A450-53BC14E46976}.Release|Any CPU.Build.0 = Release|Any CPU
	EndGlobalSection
	GlobalSection(SolutionProperties) = preSolution
		HideSolutionNode = FALSE
	EndGlobalSection
	GlobalSection(ExtensibilityGlobals) = postSolution
		SolutionGuid = {45147DFF-CC7C-44E9-8CDD-A4198CC476C2}
	EndGlobalSection
EndGlobal
